
Microsoft Visual Studio Solution File, Format Version 12.00
# Visual Studio Version 16
VisualStudioVersion = 16.0.31911.196
MinimumVisualStudioVersion = 10.0.40219.1
Project("{FAE04EC0-301F-11D3-BF4B-00C04F79EFBC}") = "RabbitMQ.publisher", "RabbitMQ.publisher\RabbitMQ.publisher.csproj", "{57519B0B-7840-48D4-A37D-76F0D0FA6FC5}"
EndProject
Project("{FAE04EC0-301F-11D3-BF4B-00C04F79EFBC}") = "RabbitMQ.subscriber", "RabbitMQ.subscriber\RabbitMQ.subscriber.csproj", "{B02BAFAB-C071-4B5A-918C-68210F90FEF0}"
EndProject
Global
	GlobalSection(SolutionConfigurationPlatforms) = preSolution
		Debug|Any CPU = Debug|Any CPU
		Release|Any CPU = Release|Any CPU
	EndGlobalSection
	GlobalSection(ProjectConfigurationPlatforms) = postSolution
		{57519B0B-7840-48D4-A37D-76F0D0FA6FC5}.Debug|Any CPU.ActiveCfg = Debug|Any CPU
		{57519B0B-7840-48D4-A37D-76F0D0FA6FC5}.Debug|Any CPU.Build.0 = Debug|Any CPU
		{57519B0B-7840-48D4-A37D-76F0D0FA6FC5}.Release|Any CPU.ActiveCfg = Release|Any CPU
		{57519B0B-7840-48D4-A37D-76F0D0FA6FC5}.Release|Any CPU.Build.0 = Release|Any CPU
		{B02BAFAB-C071-4B5A-918C-68210F90FEF0}.Debug|Any CPU.ActiveCfg = Debug|Any CPU
		{B02BAFAB-C071-4B5A-918C-68210F90FEF0}.Debug|Any CPU.Build.0 = Debug|Any CPU
		{B02BAFAB-C071-4B5A-918C-68210F90FEF0}.Release|Any CPU.ActiveCfg = Release|Any CPU
		{B02BAFAB-C071-4B5A-918C-68210F90FEF0}.Release|Any CPU.Build.0 = Release|Any CPU
	EndGlobalSection
	GlobalSection(SolutionProperties) = preSolution
		HideSolutionNode = FALSE
	EndGlobalSection
	GlobalSection(ExtensibilityGlobals) = postSolution
		SolutionGuid = {81F130E9-F7DA-438E-8BEF-697F7AB46E74}
	EndGlobalSection
EndGlobal
