
Microsoft Visual Studio Solution File, Format Version 12.00
# Visual Studio Version 16
VisualStudioVersion = 16.0.31911.196
MinimumVisualStudioVersion = 10.0.40219.1
Project("{FAE04EC0-301F-11D3-BF4B-00C04F79EFBC}") = "RabbitMQ.publisher", "RabbitMQ.publisher\RabbitMQ.publisher.csproj", "{57519B0B-7840-48D4-A37D-76F0D0FA6FC5}"
EndProject
Project("{FAE04EC0-301F-11D3-BF4B-00C04F79EFBC}") = "RabbitMQ.subscriber", "RabbitMQ.subscriber\RabbitMQ.subscriber.csproj", "{B02BAFAB-C071-4B5A-918C-68210F90FEF0}"
EndProject
Project("{FAE04EC0-301F-11D3-BF4B-00C04F79EFBC}") = "RabbitMQ.PublisherFanoutExchange", "RabbitMQ.FanoutExchange\RabbitMQ.PublisherFanoutExchange.csproj", "{54833CC8-FB2C-47FA-97A0-A0A0ABAD9B22}"
EndProject
Project("{FAE04EC0-301F-11D3-BF4B-00C04F79EFBC}") = "RabbitMQ.SubscriberFanoutExchange", "RabbitMQ.SubscriberExchange\RabbitMQ.SubscriberFanoutExchange.csproj", "{1CBC5357-19D4-4676-923C-D6A3FCF7B63D}"
EndProject
Project("{FAE04EC0-301F-11D3-BF4B-00C04F79EFBC}") = "RabbitMQ.PublisherDirectExchange", "RabbitMQ.PublisherDirectExchange\RabbitMQ.PublisherDirectExchange.csproj", "{3D157F39-4187-43CD-88C9-29AB034D3B14}"
EndProject
Project("{FAE04EC0-301F-11D3-BF4B-00C04F79EFBC}") = "RabbitMQ.SubscriberDirectExchange", "RabbitMQ.SubscriberDirectExchange\RabbitMQ.SubscriberDirectExchange.csproj", "{379EC657-3791-45A6-B673-73AE3B712F21}"
EndProject
Project("{FAE04EC0-301F-11D3-BF4B-00C04F79EFBC}") = "RabbitMQ.publisherTopicExchange", "RabbitMQ.publisherTopicExchange\RabbitMQ.publisherTopicExchange.csproj", "{A2C01486-A83B-44C5-9789-BC3194770AA8}"
EndProject
Project("{FAE04EC0-301F-11D3-BF4B-00C04F79EFBC}") = "RabbitMQ.SubscriberTopicExchange", "RabbitMQ.SubscriberTopicExchange\RabbitMQ.SubscriberTopicExchange.csproj", "{724FACDB-B34B-42B5-94B2-F3DC6F68CBBB}"
EndProject
Project("{FAE04EC0-301F-11D3-BF4B-00C04F79EFBC}") = "RabbitMQ.PublisherHeaderExchange", "RabbitMQ.PublisherHeaderExchange\RabbitMQ.PublisherHeaderExchange.csproj", "{E168F301-B28C-4966-94EE-0CABB076C529}"
EndProject
Project("{FAE04EC0-301F-11D3-BF4B-00C04F79EFBC}") = "RabbitMQ.SubscriberHeaderExchange", "RabbitMQ.SubscriberHeaderExchange\RabbitMQ.SubscriberHeaderExchange.csproj", "{36C7DC2B-BF7B-4815-9FA6-64264ABE945B}"
EndProject
Global
	GlobalSection(SolutionConfigurationPlatforms) = preSolution
		Debug|Any CPU = Debug|Any CPU
		Release|Any CPU = Release|Any CPU
	EndGlobalSection
	GlobalSection(ProjectConfigurationPlatforms) = postSolution
		{57519B0B-7840-48D4-A37D-76F0D0FA6FC5}.Debug|Any CPU.ActiveCfg = Debug|Any CPU
		{57519B0B-7840-48D4-A37D-76F0D0FA6FC5}.Debug|Any CPU.Build.0 = Debug|Any CPU
		{57519B0B-7840-48D4-A37D-76F0D0FA6FC5}.Release|Any CPU.ActiveCfg = Release|Any CPU
		{57519B0B-7840-48D4-A37D-76F0D0FA6FC5}.Release|Any CPU.Build.0 = Release|Any CPU
		{B02BAFAB-C071-4B5A-918C-68210F90FEF0}.Debug|Any CPU.ActiveCfg = Debug|Any CPU
		{B02BAFAB-C071-4B5A-918C-68210F90FEF0}.Debug|Any CPU.Build.0 = Debug|Any CPU
		{B02BAFAB-C071-4B5A-918C-68210F90FEF0}.Release|Any CPU.ActiveCfg = Release|Any CPU
		{B02BAFAB-C071-4B5A-918C-68210F90FEF0}.Release|Any CPU.Build.0 = Release|Any CPU
		{54833CC8-FB2C-47FA-97A0-A0A0ABAD9B22}.Debug|Any CPU.ActiveCfg = Debug|Any CPU
		{54833CC8-FB2C-47FA-97A0-A0A0ABAD9B22}.Debug|Any CPU.Build.0 = Debug|Any CPU
		{54833CC8-FB2C-47FA-97A0-A0A0ABAD9B22}.Release|Any CPU.ActiveCfg = Release|Any CPU
		{54833CC8-FB2C-47FA-97A0-A0A0ABAD9B22}.Release|Any CPU.Build.0 = Release|Any CPU
		{1CBC5357-19D4-4676-923C-D6A3FCF7B63D}.Debug|Any CPU.ActiveCfg = Debug|Any CPU
		{1CBC5357-19D4-4676-923C-D6A3FCF7B63D}.Debug|Any CPU.Build.0 = Debug|Any CPU
		{1CBC5357-19D4-4676-923C-D6A3FCF7B63D}.Release|Any CPU.ActiveCfg = Release|Any CPU
		{1CBC5357-19D4-4676-923C-D6A3FCF7B63D}.Release|Any CPU.Build.0 = Release|Any CPU
		{3D157F39-4187-43CD-88C9-29AB034D3B14}.Debug|Any CPU.ActiveCfg = Debug|Any CPU
		{3D157F39-4187-43CD-88C9-29AB034D3B14}.Debug|Any CPU.Build.0 = Debug|Any CPU
		{3D157F39-4187-43CD-88C9-29AB034D3B14}.Release|Any CPU.ActiveCfg = Release|Any CPU
		{3D157F39-4187-43CD-88C9-29AB034D3B14}.Release|Any CPU.Build.0 = Release|Any CPU
		{379EC657-3791-45A6-B673-73AE3B712F21}.Debug|Any CPU.ActiveCfg = Debug|Any CPU
		{379EC657-3791-45A6-B673-73AE3B712F21}.Debug|Any CPU.Build.0 = Debug|Any CPU
		{379EC657-3791-45A6-B673-73AE3B712F21}.Release|Any CPU.ActiveCfg = Release|Any CPU
		{379EC657-3791-45A6-B673-73AE3B712F21}.Release|Any CPU.Build.0 = Release|Any CPU
		{A2C01486-A83B-44C5-9789-BC3194770AA8}.Debug|Any CPU.ActiveCfg = Debug|Any CPU
		{A2C01486-A83B-44C5-9789-BC3194770AA8}.Debug|Any CPU.Build.0 = Debug|Any CPU
		{A2C01486-A83B-44C5-9789-BC3194770AA8}.Release|Any CPU.ActiveCfg = Release|Any CPU
		{A2C01486-A83B-44C5-9789-BC3194770AA8}.Release|Any CPU.Build.0 = Release|Any CPU
		{724FACDB-B34B-42B5-94B2-F3DC6F68CBBB}.Debug|Any CPU.ActiveCfg = Debug|Any CPU
		{724FACDB-B34B-42B5-94B2-F3DC6F68CBBB}.Debug|Any CPU.Build.0 = Debug|Any CPU
		{724FACDB-B34B-42B5-94B2-F3DC6F68CBBB}.Release|Any CPU.ActiveCfg = Release|Any CPU
		{724FACDB-B34B-42B5-94B2-F3DC6F68CBBB}.Release|Any CPU.Build.0 = Release|Any CPU
		{E168F301-B28C-4966-94EE-0CABB076C529}.Debug|Any CPU.ActiveCfg = Debug|Any CPU
		{E168F301-B28C-4966-94EE-0CABB076C529}.Debug|Any CPU.Build.0 = Debug|Any CPU
		{E168F301-B28C-4966-94EE-0CABB076C529}.Release|Any CPU.ActiveCfg = Release|Any CPU
		{E168F301-B28C-4966-94EE-0CABB076C529}.Release|Any CPU.Build.0 = Release|Any CPU
		{36C7DC2B-BF7B-4815-9FA6-64264ABE945B}.Debug|Any CPU.ActiveCfg = Debug|Any CPU
		{36C7DC2B-BF7B-4815-9FA6-64264ABE945B}.Debug|Any CPU.Build.0 = Debug|Any CPU
		{36C7DC2B-BF7B-4815-9FA6-64264ABE945B}.Release|Any CPU.ActiveCfg = Release|Any CPU
		{36C7DC2B-BF7B-4815-9FA6-64264ABE945B}.Release|Any CPU.Build.0 = Release|Any CPU
	EndGlobalSection
	GlobalSection(SolutionProperties) = preSolution
		HideSolutionNode = FALSE
	EndGlobalSection
	GlobalSection(ExtensibilityGlobals) = postSolution
		SolutionGuid = {81F130E9-F7DA-438E-8BEF-697F7AB46E74}
	EndGlobalSection
EndGlobal
